
Microsoft Visual Studio Solution File, Format Version 12.00
# Visual Studio Version 17
VisualStudioVersion = 17.6.33829.357
MinimumVisualStudioVersion = 10.0.40219.1
Project("{9A19103F-16F7-4668-BE54-9A1E7A4F7556}") = "SEApi", "SEApi\SEApi.csproj", "{CC58B4FF-2CE2-4780-AED7-3BE351BE7AA4}"
EndProject
Project("{2150E333-8FDC-42A3-9474-1A3956D46DE8}") = "API", "API", "{41C931F7-3033-42AB-96E8-149AC78CEAFA}"
EndProject
Project("{00D1A9C2-B5F0-4AF3-8072-F6C62B433612}") = "SEData", "SEData\SEData.sqlproj", "{27303661-C77B-42BE-B483-6607DFCBED72}"
EndProject
Project("{2150E333-8FDC-42A3-9474-1A3956D46DE8}") = "Database", "Database", "{5E195699-1A07-4D8B-90F1-D867EB1B3038}"
EndProject
Project("{2150E333-8FDC-42A3-9474-1A3956D46DE8}") = "WebApp", "WebApp", "{B3086BAB-1363-427F-B4A1-07D30AFB278D}"
EndProject
Project("{9A19103F-16F7-4668-BE54-9A1E7A4F7556}") = "Portal", "Portal\Portal.csproj", "{B56396AB-1258-465F-B27A-B0BAB5EDA0D1}"
EndProject
Project("{2150E333-8FDC-42A3-9474-1A3956D46DE8}") = "WPF", "WPF", "{70D94F87-ED79-4E08-A2A2-C4FCDAFF7137}"
EndProject
Project("{FAE04EC0-301F-11D3-BF4B-00C04F79EFBC}") = "SEDesktopUI", "SEDesktopUI\SEDesktopUI.csproj", "{A9137DAE-72F1-4735-A102-C1D2893517B7}"
EndProject
Global
	GlobalSection(SolutionConfigurationPlatforms) = preSolution
		Debug|Any CPU = Debug|Any CPU
		Release|Any CPU = Release|Any CPU
	EndGlobalSection
	GlobalSection(ProjectConfigurationPlatforms) = postSolution
		{CC58B4FF-2CE2-4780-AED7-3BE351BE7AA4}.Debug|Any CPU.ActiveCfg = Debug|Any CPU
		{CC58B4FF-2CE2-4780-AED7-3BE351BE7AA4}.Debug|Any CPU.Build.0 = Debug|Any CPU
		{CC58B4FF-2CE2-4780-AED7-3BE351BE7AA4}.Release|Any CPU.ActiveCfg = Release|Any CPU
		{CC58B4FF-2CE2-4780-AED7-3BE351BE7AA4}.Release|Any CPU.Build.0 = Release|Any CPU
		{27303661-C77B-42BE-B483-6607DFCBED72}.Debug|Any CPU.ActiveCfg = Debug|Any CPU
		{27303661-C77B-42BE-B483-6607DFCBED72}.Debug|Any CPU.Build.0 = Debug|Any CPU
		{27303661-C77B-42BE-B483-6607DFCBED72}.Debug|Any CPU.Deploy.0 = Debug|Any CPU
		{27303661-C77B-42BE-B483-6607DFCBED72}.Release|Any CPU.ActiveCfg = Release|Any CPU
		{27303661-C77B-42BE-B483-6607DFCBED72}.Release|Any CPU.Build.0 = Release|Any CPU
		{27303661-C77B-42BE-B483-6607DFCBED72}.Release|Any CPU.Deploy.0 = Release|Any CPU
		{B56396AB-1258-465F-B27A-B0BAB5EDA0D1}.Debug|Any CPU.ActiveCfg = Debug|Any CPU
		{B56396AB-1258-465F-B27A-B0BAB5EDA0D1}.Debug|Any CPU.Build.0 = Debug|Any CPU
		{B56396AB-1258-465F-B27A-B0BAB5EDA0D1}.Release|Any CPU.ActiveCfg = Release|Any CPU
		{B56396AB-1258-465F-B27A-B0BAB5EDA0D1}.Release|Any CPU.Build.0 = Release|Any CPU
		{A9137DAE-72F1-4735-A102-C1D2893517B7}.Debug|Any CPU.ActiveCfg = Debug|Any CPU
		{A9137DAE-72F1-4735-A102-C1D2893517B7}.Debug|Any CPU.Build.0 = Debug|Any CPU
		{A9137DAE-72F1-4735-A102-C1D2893517B7}.Release|Any CPU.ActiveCfg = Release|Any CPU
		{A9137DAE-72F1-4735-A102-C1D2893517B7}.Release|Any CPU.Build.0 = Release|Any CPU
	EndGlobalSection
	GlobalSection(SolutionProperties) = preSolution
		HideSolutionNode = FALSE
	EndGlobalSection
	GlobalSection(NestedProjects) = preSolution
		{CC58B4FF-2CE2-4780-AED7-3BE351BE7AA4} = {41C931F7-3033-42AB-96E8-149AC78CEAFA}
		{27303661-C77B-42BE-B483-6607DFCBED72} = {5E195699-1A07-4D8B-90F1-D867EB1B3038}
		{B56396AB-1258-465F-B27A-B0BAB5EDA0D1} = {B3086BAB-1363-427F-B4A1-07D30AFB278D}
		{A9137DAE-72F1-4735-A102-C1D2893517B7} = {70D94F87-ED79-4E08-A2A2-C4FCDAFF7137}
	EndGlobalSection
	GlobalSection(ExtensibilityGlobals) = postSolution
		SolutionGuid = {CC738A4F-15ED-4CA2-B2BD-0689752F945F}
	EndGlobalSection
EndGlobal
